
Microsoft Visual Studio Solution File, Format Version 12.00
# Visual Studio 2013
VisualStudioVersion = 12.0.21005.1
MinimumVisualStudioVersion = 10.0.40219.1
Project("{FAE04EC0-301F-11D3-BF4B-00C04F79EFBC}") = "MutternsWordAddin", "MutternsWordAddin\MutternsWordAddin.csproj", "{62F58F6A-D668-41D5-93EE-8F99E7977FEF}"
EndProject
Project("{6141683F-8A12-4E36-9623-2EB02B2C2303}") = "SetupMutternsWordAddin", "Setup1\SetupMutternsWordAddin.isproj", "{390DAB2A-2290-4549-92BB-C4CA4827E811}"
EndProject
Global
	GlobalSection(SolutionConfigurationPlatforms) = preSolution
		CD_ROM|Any CPU = CD_ROM|Any CPU
		Debug|Any CPU = Debug|Any CPU
		DVD-5|Any CPU = DVD-5|Any CPU
		Release|Any CPU = Release|Any CPU
		SingleImage|Any CPU = SingleImage|Any CPU
	EndGlobalSection
	GlobalSection(ProjectConfigurationPlatforms) = postSolution
		{62F58F6A-D668-41D5-93EE-8F99E7977FEF}.CD_ROM|Any CPU.ActiveCfg = Release|Any CPU
		{62F58F6A-D668-41D5-93EE-8F99E7977FEF}.CD_ROM|Any CPU.Build.0 = Release|Any CPU
		{62F58F6A-D668-41D5-93EE-8F99E7977FEF}.Debug|Any CPU.ActiveCfg = Debug|Any CPU
		{62F58F6A-D668-41D5-93EE-8F99E7977FEF}.Debug|Any CPU.Build.0 = Debug|Any CPU
		{62F58F6A-D668-41D5-93EE-8F99E7977FEF}.DVD-5|Any CPU.ActiveCfg = Debug|Any CPU
		{62F58F6A-D668-41D5-93EE-8F99E7977FEF}.DVD-5|Any CPU.Build.0 = Debug|Any CPU
		{62F58F6A-D668-41D5-93EE-8F99E7977FEF}.Release|Any CPU.ActiveCfg = Release|Any CPU
		{62F58F6A-D668-41D5-93EE-8F99E7977FEF}.Release|Any CPU.Build.0 = Release|Any CPU
		{62F58F6A-D668-41D5-93EE-8F99E7977FEF}.SingleImage|Any CPU.ActiveCfg = Release|Any CPU
		{62F58F6A-D668-41D5-93EE-8F99E7977FEF}.SingleImage|Any CPU.Build.0 = Release|Any CPU
		{390DAB2A-2290-4549-92BB-C4CA4827E811}.CD_ROM|Any CPU.ActiveCfg = CD_ROM
		{390DAB2A-2290-4549-92BB-C4CA4827E811}.CD_ROM|Any CPU.Build.0 = CD_ROM
		{390DAB2A-2290-4549-92BB-C4CA4827E811}.Debug|Any CPU.ActiveCfg = DVD-5
		{390DAB2A-2290-4549-92BB-C4CA4827E811}.Debug|Any CPU.Build.0 = DVD-5
		{390DAB2A-2290-4549-92BB-C4CA4827E811}.DVD-5|Any CPU.ActiveCfg = DVD-5
		{390DAB2A-2290-4549-92BB-C4CA4827E811}.DVD-5|Any CPU.Build.0 = DVD-5
		{390DAB2A-2290-4549-92BB-C4CA4827E811}.Release|Any CPU.ActiveCfg = SingleImage
		{390DAB2A-2290-4549-92BB-C4CA4827E811}.Release|Any CPU.Build.0 = SingleImage
		{390DAB2A-2290-4549-92BB-C4CA4827E811}.SingleImage|Any CPU.ActiveCfg = SingleImage
		{390DAB2A-2290-4549-92BB-C4CA4827E811}.SingleImage|Any CPU.Build.0 = SingleImage
	EndGlobalSection
	GlobalSection(SolutionProperties) = preSolution
		HideSolutionNode = FALSE
	EndGlobalSection
EndGlobal
